
Microsoft Visual Studio Solution File, Format Version 12.00
# Visual Studio Version 16
VisualStudioVersion = 16.0.30711.63
MinimumVisualStudioVersion = 10.0.40219.1
Project("{FAE04EC0-301F-11D3-BF4B-00C04F79EFBC}") = "Client", "Client\Client.csproj", "{73FB7608-CC26-4C86-892E-CF8A936299E4}"
EndProject
Project("{FAE04EC0-301F-11D3-BF4B-00C04F79EFBC}") = "Server", "Server\Server.csproj", "{64D5733B-F9D7-4AB6-9BFF-C0B9D79B2CDE}"
EndProject
Global
	GlobalSection(SolutionConfigurationPlatforms) = preSolution
		Debug|Any CPU = Debug|Any CPU
		Release|Any CPU = Release|Any CPU
	EndGlobalSection
	GlobalSection(ProjectConfigurationPlatforms) = postSolution
		{73FB7608-CC26-4C86-892E-CF8A936299E4}.Debug|Any CPU.ActiveCfg = Debug|Any CPU
		{73FB7608-CC26-4C86-892E-CF8A936299E4}.Debug|Any CPU.Build.0 = Debug|Any CPU
		{73FB7608-CC26-4C86-892E-CF8A936299E4}.Release|Any CPU.ActiveCfg = Release|Any CPU
		{73FB7608-CC26-4C86-892E-CF8A936299E4}.Release|Any CPU.Build.0 = Release|Any CPU
		{64D5733B-F9D7-4AB6-9BFF-C0B9D79B2CDE}.Debug|Any CPU.ActiveCfg = Debug|Any CPU
		{64D5733B-F9D7-4AB6-9BFF-C0B9D79B2CDE}.Debug|Any CPU.Build.0 = Debug|Any CPU
		{64D5733B-F9D7-4AB6-9BFF-C0B9D79B2CDE}.Release|Any CPU.ActiveCfg = Release|Any CPU
		{64D5733B-F9D7-4AB6-9BFF-C0B9D79B2CDE}.Release|Any CPU.Build.0 = Release|Any CPU
	EndGlobalSection
	GlobalSection(SolutionProperties) = preSolution
		HideSolutionNode = FALSE
	EndGlobalSection
	GlobalSection(ExtensibilityGlobals) = postSolution
		SolutionGuid = {F8E40699-B1A9-4C27-859E-14477DE84951}
	EndGlobalSection
EndGlobal
